// !$*UTF8*$!
{
	archiveVersion = 1;
	classes = {
	};
	objectVersion = 50;
	objects = {

/* Begin PBXBuildFile section */
		EB0A969126F403A2006AA838 /* StudentTableViewCell.swift in Sources */ = {isa = PBXBuildFile; fileRef = EB0A969026F403A2006AA838 /* StudentTableViewCell.swift */; };
		EB3CA6A426F3926A00204D80 /* SaveViewController.swift in Sources */ = {isa = PBXBuildFile; fileRef = EB3CA6A326F3926A00204D80 /* SaveViewController.swift */; };
		EBAA1BA526F122C60030ECE6 /* AppDelegate.swift in Sources */ = {isa = PBXBuildFile; fileRef = EBAA1BA426F122C60030ECE6 /* AppDelegate.swift */; };
		EBAA1BA726F122C60030ECE6 /* SceneDelegate.swift in Sources */ = {isa = PBXBuildFile; fileRef = EBAA1BA626F122C60030ECE6 /* SceneDelegate.swift */; };
		EBAA1BA926F122C60030ECE6 /* ViewController.swift in Sources */ = {isa = PBXBuildFile; fileRef = EBAA1BA826F122C60030ECE6 /* ViewController.swift */; };
		EBAA1BAC26F122C60030ECE6 /* Main.storyboard in Resources */ = {isa = PBXBuildFile; fileRef = EBAA1BAA26F122C60030ECE6 /* Main.storyboard */; };
		EBAA1BAE26F122C70030ECE6 /* Assets.xcassets in Resources */ = {isa = PBXBuildFile; fileRef = EBAA1BAD26F122C70030ECE6 /* Assets.xcassets */; };
		EBAA1BB126F122C70030ECE6 /* LaunchScreen.storyboard in Resources */ = {isa = PBXBuildFile; fileRef = EBAA1BAF26F122C70030ECE6 /* LaunchScreen.storyboard */; };
		EBDF3E9226F3ADC0001CFA81 /* Student.xcdatamodeld in Sources */ = {isa = PBXBuildFile; fileRef = EBDF3E9026F3ADC0001CFA81 /* Student.xcdatamodeld */; };
		EBDF3E9926F3AFD8001CFA81 /* CoreDataStack.swift in Sources */ = {isa = PBXBuildFile; fileRef = EBDF3E9826F3AFD8001CFA81 /* CoreDataStack.swift */; };
		EBDFE39326F4EDE200813E49 /* Student+CoreDataClass.swift in Sources */ = {isa = PBXBuildFile; fileRef = EBDFE39126F4EDE200813E49 /* Student+CoreDataClass.swift */; };
		EBDFE39426F4EDE200813E49 /* Student+CoreDataProperties.swift in Sources */ = {isa = PBXBuildFile; fileRef = EBDFE39226F4EDE200813E49 /* Student+CoreDataProperties.swift */; };
/* End PBXBuildFile section */

/* Begin PBXFileReference section */
		EB0A969026F403A2006AA838 /* StudentTableViewCell.swift */ = {isa = PBXFileReference; lastKnownFileType = sourcecode.swift; path = StudentTableViewCell.swift; sourceTree = "<group>"; };
		EB3CA6A326F3926A00204D80 /* SaveViewController.swift */ = {isa = PBXFileReference; lastKnownFileType = sourcecode.swift; path = SaveViewController.swift; sourceTree = "<group>"; };
		EBAA1BA126F122C60030ECE6 /* Lab Test 1 App.app */ = {isa = PBXFileReference; explicitFileType = wrapper.application; includeInIndex = 0; path = "Lab Test 1 App.app"; sourceTree = BUILT_PRODUCTS_DIR; };
		EBAA1BA426F122C60030ECE6 /* AppDelegate.swift */ = {isa = PBXFileReference; lastKnownFileType = sourcecode.swift; path = AppDelegate.swift; sourceTree = "<group>"; };
		EBAA1BA626F122C60030ECE6 /* SceneDelegate.swift */ = {isa = PBXFileReference; lastKnownFileType = sourcecode.swift; path = SceneDelegate.swift; sourceTree = "<group>"; };
		EBAA1BA826F122C60030ECE6 /* ViewController.swift */ = {isa = PBXFileReference; lastKnownFileType = sourcecode.swift; path = ViewController.swift; sourceTree = "<group>"; };
		EBAA1BAB26F122C60030ECE6 /* Base */ = {isa = PBXFileReference; lastKnownFileType = file.storyboard; name = Base; path = Base.lproj/Main.storyboard; sourceTree = "<group>"; };
		EBAA1BAD26F122C70030ECE6 /* Assets.xcassets */ = {isa = PBXFileReference; lastKnownFileType = folder.assetcatalog; path = Assets.xcassets; sourceTree = "<group>"; };
		EBAA1BB026F122C70030ECE6 /* Base */ = {isa = PBXFileReference; lastKnownFileType = file.storyboard; name = Base; path = Base.lproj/LaunchScreen.storyboard; sourceTree = "<group>"; };
		EBAA1BB226F122C70030ECE6 /* Info.plist */ = {isa = PBXFileReference; lastKnownFileType = text.plist.xml; path = Info.plist; sourceTree = "<group>"; };
		EBDF3E9126F3ADC0001CFA81 /* Student.xcdatamodel */ = {isa = PBXFileReference; lastKnownFileType = wrapper.xcdatamodel; path = Student.xcdatamodel; sourceTree = "<group>"; };
		EBDF3E9826F3AFD8001CFA81 /* CoreDataStack.swift */ = {isa = PBXFileReference; lastKnownFileType = sourcecode.swift; path = CoreDataStack.swift; sourceTree = "<group>"; };
		EBDFE39126F4EDE200813E49 /* Student+CoreDataClass.swift */ = {isa = PBXFileReference; lastKnownFileType = sourcecode.swift; name = "Student+CoreDataClass.swift"; path = "../Student+CoreDataClass.swift"; sourceTree = "<group>"; };
		EBDFE39226F4EDE200813E49 /* Student+CoreDataProperties.swift */ = {isa = PBXFileReference; lastKnownFileType = sourcecode.swift; path = "Student+CoreDataProperties.swift"; sourceTree = "<group>"; };
/* End PBXFileReference section */

/* Begin PBXFrameworksBuildPhase section */
		EBAA1B9E26F122C60030ECE6 /* Frameworks */ = {
			isa = PBXFrameworksBuildPhase;
			buildActionMask = 2147483647;
			files = (
			);
			runOnlyForDeploymentPostprocessing = 0;
		};
/* End PBXFrameworksBuildPhase section */

/* Begin PBXGroup section */
		EBAA1B9826F122C60030ECE6 = {
			isa = PBXGroup;
			children = (
				EBAA1BA326F122C60030ECE6 /* Lab Test 1 App */,
				EBAA1BA226F122C60030ECE6 /* Products */,
			);
			sourceTree = "<group>";
		};
		EBAA1BA226F122C60030ECE6 /* Products */ = {
			isa = PBXGroup;
			children = (
				EBAA1BA126F122C60030ECE6 /* Lab Test 1 App.app */,
			);
			name = Products;
			sourceTree = "<group>";
		};
		EBAA1BA326F122C60030ECE6 /* Lab Test 1 App */ = {
			isa = PBXGroup;
			children = (
				EBDFE39126F4EDE200813E49 /* Student+CoreDataClass.swift */,
				EBDFE39226F4EDE200813E49 /* Student+CoreDataProperties.swift */,
				EBAA1BA426F122C60030ECE6 /* AppDelegate.swift */,
				EBAA1BA626F122C60030ECE6 /* SceneDelegate.swift */,
				EBAA1BA826F122C60030ECE6 /* ViewController.swift */,
				EB3CA6A326F3926A00204D80 /* SaveViewController.swift */,
				EBAA1BAA26F122C60030ECE6 /* Main.storyboard */,
				EBAA1BAD26F122C70030ECE6 /* Assets.xcassets */,
				EBAA1BAF26F122C70030ECE6 /* LaunchScreen.storyboard */,
				EBAA1BB226F122C70030ECE6 /* Info.plist */,
				EBDF3E9026F3ADC0001CFA81 /* Student.xcdatamodeld */,
				EBDF3E9826F3AFD8001CFA81 /* CoreDataStack.swift */,
				EB0A969026F403A2006AA838 /* StudentTableViewCell.swift */,
			);
			path = "Lab Test 1 App";
			sourceTree = "<group>";
		};
/* End PBXGroup section */

/* Begin PBXNativeTarget section */
		EBAA1BA026F122C60030ECE6 /* Lab Test 1 App */ = {
			isa = PBXNativeTarget;
			buildConfigurationList = EBAA1BB526F122C70030ECE6 /* Build configuration list for PBXNativeTarget "Lab Test 1 App" */;
			buildPhases = (
				EBAA1B9D26F122C60030ECE6 /* Sources */,
				EBAA1B9E26F122C60030ECE6 /* Frameworks */,
				EBAA1B9F26F122C60030ECE6 /* Resources */,
			);
			buildRules = (
			);
			dependencies = (
			);
			name = "Lab Test 1 App";
			productName = "Lab Test 1 App";
			productReference = EBAA1BA126F122C60030ECE6 /* Lab Test 1 App.app */;
			productType = "com.apple.product-type.application";
		};
/* End PBXNativeTarget section */

/* Begin PBXProject section */
		EBAA1B9926F122C60030ECE6 /* Project object */ = {
			isa = PBXProject;
			attributes = {
				LastSwiftUpdateCheck = 1250;
				LastUpgradeCheck = 1250;
				TargetAttributes = {
					EBAA1BA026F122C60030ECE6 = {
						CreatedOnToolsVersion = 12.5.1;
					};
				};
			};
			buildConfigurationList = EBAA1B9C26F122C60030ECE6 /* Build configuration list for PBXProject "Lab Test 1 App" */;
			compatibilityVersion = "Xcode 9.3";
			developmentRegion = en;
			hasScannedForEncodings = 0;
			knownRegions = (
				en,
				Base,
			);
			mainGroup = EBAA1B9826F122C60030ECE6;
			productRefGroup = EBAA1BA226F122C60030ECE6 /* Products */;
			projectDirPath = "";
			projectRoot = "";
			targets = (
				EBAA1BA026F122C60030ECE6 /* Lab Test 1 App */,
			);
		};
/* End PBXProject section */

/* Begin PBXResourcesBuildPhase section */
		EBAA1B9F26F122C60030ECE6 /* Resources */ = {
			isa = PBXResourcesBuildPhase;
			buildActionMask = 2147483647;
			files = (
				EBAA1BB126F122C70030ECE6 /* LaunchScreen.storyboard in Resources */,
				EBAA1BAE26F122C70030ECE6 /* Assets.xcassets in Resources */,
				EBAA1BAC26F122C60030ECE6 /* Main.storyboard in Resources */,
			);
			runOnlyForDeploymentPostprocessing = 0;
		};
/* End PBXResourcesBuildPhase section */

/* Begin PBXSourcesBuildPhase section */
		EBAA1B9D26F122C60030ECE6 /* Sources */ = {
			isa = PBXSourcesBuildPhase;
			buildActionMask = 2147483647;
			files = (
				EBAA1BA926F122C60030ECE6 /* ViewController.swift in Sources */,
				EBDFE39326F4EDE200813E49 /* Student+CoreDataClass.swift in Sources */,
				EB3CA6A426F3926A00204D80 /* SaveViewController.swift in Sources */,
				EBDF3E9226F3ADC0001CFA81 /* Student.xcdatamodeld in Sources */,
				EBAA1BA526F122C60030ECE6 /* AppDelegate.swift in Sources */,
				EBAA1BA726F122C60030ECE6 /* SceneDelegate.swift in Sources */,
				EBDFE39426F4EDE200813E49 /* Student+CoreDataProperties.swift in Sources */,
				EBDF3E9926F3AFD8001CFA81 /* CoreDataStack.swift in Sources */,
				EB0A969126F403A2006AA838 /* StudentTableViewCell.swift in Sources */,
			);
			runOnlyForDeploymentPostprocessing = 0;
		};
/* End PBXSourcesBuildPhase section */

/* Begin PBXVariantGroup section */
		EBAA1BAA26F122C60030ECE6 /* Main.storyboard */ = {
			isa = PBXVariantGroup;
			children = (
				EBAA1BAB26F122C60030ECE6 /* Base */,
			);
			name = Main.storyboard;
			sourceTree = "<group>";
		};
		EBAA1BAF26F122C70030ECE6 /* LaunchScreen.storyboard */ = {
			isa = PBXVariantGroup;
			children = (
				EBAA1BB026F122C70030ECE6 /* Base */,
			);
			name = LaunchScreen.storyboard;
			sourceTree = "<group>";
		};
/* End PBXVariantGroup section */

/* Begin XCBuildConfiguration section */
		EBAA1BB326F122C70030ECE6 /* Debug */ = {
			isa = XCBuildConfiguration;
			buildSettings = {
				ALWAYS_SEARCH_USER_PATHS = NO;
				CLANG_ANALYZER_NONNULL = YES;
				CLANG_ANALYZER_NUMBER_OBJECT_CONVERSION = YES_AGGRESSIVE;
				CLANG_CXX_LANGUAGE_STANDARD = "gnu++14";
				CLANG_CXX_LIBRARY = "libc++";
				CLANG_ENABLE_MODULES = YES;
				CLANG_ENABLE_OBJC_ARC = YES;
				CLANG_ENABLE_OBJC_WEAK = YES;
				CLANG_WARN_BLOCK_CAPTURE_AUTORELEASING = YES;
				CLANG_WARN_BOOL_CONVERSION = YES;
				CLANG_WARN_COMMA = YES;
				CLANG_WARN_CONSTANT_CONVERSION = YES;
				CLANG_WARN_DEPRECATED_OBJC_IMPLEMENTATIONS = YES;
				CLANG_WARN_DIRECT_OBJC_ISA_USAGE = YES_ERROR;
				CLANG_WARN_DOCUMENTATION_COMMENTS = YES;
				CLANG_WARN_EMPTY_BODY = YES;
				CLANG_WARN_ENUM_CONVERSION = YES;
				CLANG_WARN_INFINITE_RECURSION = YES;
				CLANG_WARN_INT_CONVERSION = YES;
				CLANG_WARN_NON_LITERAL_NULL_CONVERSION = YES;
				CLANG_WARN_OBJC_IMPLICIT_RETAIN_SELF = YES;
				CLANG_WARN_OBJC_LITERAL_CONVERSION = YES;
				CLANG_WARN_OBJC_ROOT_CLASS = YES_ERROR;
				CLANG_WARN_QUOTED_INCLUDE_IN_FRAMEWORK_HEADER = YES;
				CLANG_WARN_RANGE_LOOP_ANALYSIS = YES;
				CLANG_WARN_STRICT_PROTOTYPES = YES;
				CLANG_WARN_SUSPICIOUS_MOVE = YES;
				CLANG_WARN_UNGUARDED_AVAILABILITY = YES_AGGRESSIVE;
				CLANG_WARN_UNREACHABLE_CODE = YES;
				CLANG_WARN__DUPLICATE_METHOD_MATCH = YES;
				COPY_PHASE_STRIP = NO;
				DEBUG_INFORMATION_FORMAT = dwarf;
				ENABLE_STRICT_OBJC_MSGSEND = YES;
				ENABLE_TESTABILITY = YES;
				GCC_C_LANGUAGE_STANDARD = gnu11;
				GCC_DYNAMIC_NO_PIC = NO;
				GCC_NO_COMMON_BLOCKS = YES;
				GCC_OPTIMIZATION_LEVEL = 0;
				GCC_PREPROCESSOR_DEFINITIONS = (
					"DEBUG=1",
					"$(inherited)",
				);
				GCC_WARN_64_TO_32_BIT_CONVERSION = YES;
				GCC_WARN_ABOUT_RETURN_TYPE = YES_ERROR;
				GCC_WARN_UNDECLARED_SELECTOR = YES;
				GCC_WARN_UNINITIALIZED_AUTOS = YES_AGGRESSIVE;
				GCC_WARN_UNUSED_FUNCTION = YES;
				GCC_WARN_UNUSED_VARIABLE = YES;
				IPHONEOS_DEPLOYMENT_TARGET = 14.5;
				MTL_ENABLE_DEBUG_INFO = INCLUDE_SOURCE;
				MTL_FAST_MATH = YES;
				ONLY_ACTIVE_ARCH = YES;
				SDKROOT = iphoneos;
				SWIFT_ACTIVE_COMPILATION_CONDITIONS = DEBUG;
				SWIFT_OPTIMIZATION_LEVEL = "-Onone";
			};
			name = Debug;
		};
		EBAA1BB426F122C70030ECE6 /* Release */ = {
			isa = XCBuildConfiguration;
			buildSettings = {
				ALWAYS_SEARCH_USER_PATHS = NO;
				CLANG_ANALYZER_NONNULL = YES;
				CLANG_ANALYZER_NUMBER_OBJECT_CONVERSION = YES_AGGRESSIVE;
				CLANG_CXX_LANGUAGE_STANDARD = "gnu++14";
				CLANG_CXX_LIBRARY = "libc++";
				CLANG_ENABLE_MODULES = YES;
				CLANG_ENABLE_OBJC_ARC = YES;
				CLANG_ENABLE_OBJC_WEAK = YES;
				CLANG_WARN_BLOCK_CAPTURE_AUTORELEASING = YES;
				CLANG_WARN_BOOL_CONVERSION = YES;
				CLANG_WARN_COMMA = YES;
				CLANG_WARN_CONSTANT_CONVERSION = YES;
				CLANG_WARN_DEPRECATED_OBJC_IMPLEMENTATIONS = YES;
				CLANG_WARN_DIRECT_OBJC_ISA_USAGE = YES_ERROR;
				CLANG_WARN_DOCUMENTATION_COMMENTS = YES;
				CLANG_WARN_EMPTY_BODY = YES;
				CLANG_WARN_ENUM_CONVERSION = YES;
				CLANG_WARN_INFINITE_RECURSION = YES;
				CLANG_WARN_INT_CONVERSION = YES;
				CLANG_WARN_NON_LITERAL_NULL_CONVERSION = YES;
				CLANG_WARN_OBJC_IMPLICIT_RETAIN_SELF = YES;
				CLANG_WARN_OBJC_LITERAL_CONVERSION = YES;
				CLANG_WARN_OBJC_ROOT_CLASS = YES_ERROR;
				CLANG_WARN_QUOTED_INCLUDE_IN_FRAMEWORK_HEADER = YES;
				CLANG_WARN_RANGE_LOOP_ANALYSIS = YES;
				CLANG_WARN_STRICT_PROTOTYPES = YES;
				CLANG_WARN_SUSPICIOUS_MOVE = YES;
				CLANG_WARN_UNGUARDED_AVAILABILITY = YES_AGGRESSIVE;
				CLANG_WARN_UNREACHABLE_CODE = YES;
				CLANG_WARN__DUPLICATE_METHOD_MATCH = YES;
				COPY_PHASE_STRIP = NO;
				DEBUG_INFORMATION_FORMAT = "dwarf-with-dsym";
				ENABLE_NS_ASSERTIONS = NO;
				ENABLE_STRICT_OBJC_MSGSEND = YES;
				GCC_C_LANGUAGE_STANDARD = gnu11;
				GCC_NO_COMMON_BLOCKS = YES;
				GCC_WARN_64_TO_32_BIT_CONVERSION = YES;
				GCC_WARN_ABOUT_RETURN_TYPE = YES_ERROR;
				GCC_WARN_UNDECLARED_SELECTOR = YES;
				GCC_WARN_UNINITIALIZED_AUTOS = YES_AGGRESSIVE;
				GCC_WARN_UNUSED_FUNCTION = YES;
				GCC_WARN_UNUSED_VARIABLE = YES;
				IPHONEOS_DEPLOYMENT_TARGET = 14.5;
				MTL_ENABLE_DEBUG_INFO = NO;
				MTL_FAST_MATH = YES;
				SDKROOT = iphoneos;
				SWIFT_COMPILATION_MODE = wholemodule;
				SWIFT_OPTIMIZATION_LEVEL = "-O";
				VALIDATE_PRODUCT = YES;
			};
			name = Release;
		};
		EBAA1BB626F122C70030ECE6 /* Debug */ = {
			isa = XCBuildConfiguration;
			buildSettings = {
				ASSETCATALOG_COMPILER_APPICON_NAME = AppIcon;
				ASSETCATALOG_COMPILER_GLOBAL_ACCENT_COLOR_NAME = AccentColor;
				CODE_SIGN_STYLE = Automatic;
				DEVELOPMENT_TEAM = D3DQBSL33L;
				INFOPLIST_FILE = "Lab Test 1 App/Info.plist";
				LD_RUNPATH_SEARCH_PATHS = (
					"$(inherited)",
					"@executable_path/Frameworks",
				);
				PRODUCT_BUNDLE_IDENTIFIER = "LambtonCollege.Lab-Test-1-App";
				PRODUCT_NAME = "$(TARGET_NAME)";
				SWIFT_VERSION = 5.0;
				TARGETED_DEVICE_FAMILY = "1,2";
			};
			name = Debug;
		};
		EBAA1BB726F122C70030ECE6 /* Release */ = {
			isa = XCBuildConfiguration;
			buildSettings = {
				ASSETCATALOG_COMPILER_APPICON_NAME = AppIcon;
				ASSETCATALOG_COMPILER_GLOBAL_ACCENT_COLOR_NAME = AccentColor;
				CODE_SIGN_STYLE = Automatic;
				DEVELOPMENT_TEAM = D3DQBSL33L;
				INFOPLIST_FILE = "Lab Test 1 App/Info.plist";
				LD_RUNPATH_SEARCH_PATHS = (
					"$(inherited)",
					"@executable_path/Frameworks",
				);
				PRODUCT_BUNDLE_IDENTIFIER = "LambtonCollege.Lab-Test-1-App";
				PRODUCT_NAME = "$(TARGET_NAME)";
				SWIFT_VERSION = 5.0;
				TARGETED_DEVICE_FAMILY = "1,2";
			};
			name = Release;
		};
/* End XCBuildConfiguration section */

/* Begin XCConfigurationList section */
		EBAA1B9C26F122C60030ECE6 /* Build configuration list for PBXProject "Lab Test 1 App" */ = {
			isa = XCConfigurationList;
			buildConfigurations = (
				EBAA1BB326F122C70030ECE6 /* Debug */,
				EBAA1BB426F122C70030ECE6 /* Release */,
			);
			defaultConfigurationIsVisible = 0;
			defaultConfigurationName = Release;
		};
		EBAA1BB526F122C70030ECE6 /* Build configuration list for PBXNativeTarget "Lab Test 1 App" */ = {
			isa = XCConfigurationList;
			buildConfigurations = (
				EBAA1BB626F122C70030ECE6 /* Debug */,
				EBAA1BB726F122C70030ECE6 /* Release */,
			);
			defaultConfigurationIsVisible = 0;
			defaultConfigurationName = Release;
		};
/* End XCConfigurationList section */

/* Begin XCVersionGroup section */
		EBDF3E9026F3ADC0001CFA81 /* Student.xcdatamodeld */ = {
			isa = XCVersionGroup;
			children = (
				EBDF3E9126F3ADC0001CFA81 /* Student.xcdatamodel */,
			);
			currentVersion = EBDF3E9126F3ADC0001CFA81 /* Student.xcdatamodel */;
			path = Student.xcdatamodeld;
			sourceTree = "<group>";
			versionGroupType = wrapper.xcdatamodel;
		};
/* End XCVersionGroup section */
	};
	rootObject = EBAA1B9926F122C60030ECE6 /* Project object */;
}
